{
  "name": "moss-voice-agent-demo",
  "version": "1.0.0",
  "lockfileVersion": 3,
  "requires": true,
  "packages": {
    "": {
      "name": "moss-voice-agent-demo",
      "version": "1.0.0",
      "dependencies": {
        "@moss-dev/moss": "latest"
      }
    },
    "node_modules/@moss-dev/moss": {
      "version": "1.4.0",
      "resolved": "https://registry.npmjs.org/@moss-dev/moss/-/moss-1.4.0.tgz",
      "integrity": "sha512-RWSNWh+Gfg3+lGXMt0tyAZoL+ATqdiPU/hXBuedB3dCh75h2WBnWwYgqWI82WjhfdVzourUXFLx5R9z3C9Lsaw==",
      "license": "SEE LICENSE IN LICENSE",
      "dependencies": {
        "@moss-dev/moss-core": "0.20.0"
      },
      "engines": {
        "node": ">=20.4"
      }
    },
    "node_modules/@moss-dev/moss-core": {
      "version": "0.20.0",
      "resolved": "https://registry.npmjs.org/@moss-dev/moss-core/-/moss-core-0.20.0.tgz",
      "integrity": "sha512-EDyNbd7JEtVZxNo6ED0EzCcdi3xS8mVS1evyy7QnT26xzUV9HL0cqi9NF/p7s0kk/QfkdTF4AuB6JHHopxz8Ug==",
      "license": "Proprietary",
      "engines": {
        "node": ">=20"
      },
      "optionalDependencies": {
        "@moss-dev/moss-core-darwin-arm64": "0.20.0",
        "@moss-dev/moss-core-darwin-x64": "0.20.0",
        "@moss-dev/moss-core-linux-arm64-gnu": "0.20.0",
        "@moss-dev/moss-core-linux-x64-gnu": "0.20.0",
        "@moss-dev/moss-core-win32-x64-msvc": "0.20.0"
      }
    },
    "node_modules/@moss-dev/moss-core-darwin-arm64": {
      "version": "0.20.0",
      "resolved": "https://registry.npmjs.org/@moss-dev/moss-core-darwin-arm64/-/moss-core-darwin-arm64-0.20.0.tgz",
      "integrity": "sha512-eqntmIWt4ITzqR25LcXzrk37T0XcAQW84IqGs8ES407zMGoaXjUGVlUe6EHGnt9T1yp6Ys0wHCeF+glBEE+Slg==",
      "cpu": [
        "arm64"
      ],
      "license": "Proprietary",
      "optional": true,
      "os": [
        "darwin"
      ],
      "engines": {
        "node": ">=20"
      }
    },
    "node_modules/@moss-dev/moss-core-darwin-x64": {
      "version": "0.20.0",
      "resolved": "https://registry.npmjs.org/@moss-dev/moss-core-darwin-x64/-/moss-core-darwin-x64-0.20.0.tgz",
      "integrity": "sha512-qAgINHM283XWYaSZX5ZR7tGhbYzPbFoFp1WgAvyt9rYMgjGBMR4vurFyuYe4gtvtfHdR4iGHdWfb86IzGSH7Nw==",
      "cpu": [
        "x64"
      ],
      "license": "Proprietary",
      "optional": true,
      "os": [
        "darwin"
      ],
      "engines": {
        "node": ">=20"
      }
    },
    "node_modules/@moss-dev/moss-core-linux-arm64-gnu": {
      "version": "0.20.0",
      "resolved": "https://registry.npmjs.org/@moss-dev/moss-core-linux-arm64-gnu/-/moss-core-linux-arm64-gnu-0.20.0.tgz",
      "integrity": "sha512-sVo+8WeBNVdFNKMr7GLB7AEbRW+3nAZdve/nDoFqAzVJfrTFUVBo5EEM3TT503/k512BzzAaEQH7iPdcprEkIA==",
      "cpu": [
        "arm64"
      ],
      "libc": [
        "glibc"
      ],
      "license": "Proprietary",
      "optional": true,
      "os": [
        "linux"
      ],
      "engines": {
        "node": ">=20"
      }
    },
    "node_modules/@moss-dev/moss-core-linux-x64-gnu": {
      "version": "0.20.0",
      "resolved": "https://registry.npmjs.org/@moss-dev/moss-core-linux-x64-gnu/-/moss-core-linux-x64-gnu-0.20.0.tgz",
      "integrity": "sha512-dSONfWqy6sIv947U4zxFDyQajbeh9oCchVYkQWbbsMGGsYkBLo/yl4cc3SqZJW3gX1nKx9d+uLuqsArvceELkg==",
      "cpu": [
        "x64"
      ],
      "libc": [
        "glibc"
      ],
      "license": "Proprietary",
      "optional": true,
      "os": [
        "linux"
      ],
      "engines": {
        "node": ">=20"
      }
    },
    "node_modules/@moss-dev/moss-core-win32-x64-msvc": {
      "version": "0.20.0",
      "resolved": "https://registry.npmjs.org/@moss-dev/moss-core-win32-x64-msvc/-/moss-core-win32-x64-msvc-0.20.0.tgz",
      "integrity": "sha512-f6+6N8b0vKDW/1JyKQk7Df4sQbh4iNUjE72EOKugb9KFHlEsuLK9YW/tGp/UFgVqCz3qWnfxDvQWtUYU4U4+yA==",
      "cpu": [
        "x64"
      ],
      "license": "Proprietary",
      "optional": true,
      "os": [
        "win32"
      ],
      "engines": {
        "node": ">=20"
      }
    }
  }
}
